{
  "object": {
    "pins": [
      {
        "package": "SnapKit",
        "repositoryURL": "https://github.com/SnapKit/SnapKit",
        "state": {
          "branch": "develop",
          "revision": "f9dec4789465be27ff516218c94afd0aa229ee00",
          "version": null
        }
      },
      {
        "package": "SparrowKit",
        "repositoryURL": "https://github.com/varabeis/SparrowKit",
        "state": {
          "branch": "main",
          "revision": "f2b709fc065a7422bd9c6fdf0580b7c81defab44",
          "version": null
        }
      }
    ]
  },
  "version": 1
}
